
Microsoft Visual Studio Solution File, Format Version 12.00
# Visual Studio Version 17
VisualStudioVersion = 17.7.34024.191
MinimumVisualStudioVersion = 10.0.40219.1
Project("{FAE04EC0-301F-11D3-BF4B-00C04F79EFBC}") = "ListYapisi", "ListYapisi\ListYapisi.csproj", "{F2B7D745-5371-476E-9F55-1F725BFD0939}"
EndProject
Global
	GlobalSection(SolutionConfigurationPlatforms) = preSolution
		Debug|Any CPU = Debug|Any CPU
		Release|Any CPU = Release|Any CPU
	EndGlobalSection
	GlobalSection(ProjectConfigurationPlatforms) = postSolution
		{F2B7D745-5371-476E-9F55-1F725BFD0939}.Debug|Any CPU.ActiveCfg = Debug|Any CPU
		{F2B7D745-5371-476E-9F55-1F725BFD0939}.Debug|Any CPU.Build.0 = Debug|Any CPU
		{F2B7D745-5371-476E-9F55-1F725BFD0939}.Release|Any CPU.ActiveCfg = Release|Any CPU
		{F2B7D745-5371-476E-9F55-1F725BFD0939}.Release|Any CPU.Build.0 = Release|Any CPU
	EndGlobalSection
	GlobalSection(SolutionProperties) = preSolution
		HideSolutionNode = FALSE
	EndGlobalSection
	GlobalSection(ExtensibilityGlobals) = postSolution
		SolutionGuid = {797C0848-D11A-4D09-AF21-1E45AF72C5E3}
	EndGlobalSection
EndGlobal
